
Microsoft Visual Studio Solution File, Format Version 12.00
# Visual Studio Version 17
VisualStudioVersion = 17.11.35208.52
MinimumVisualStudioVersion = 10.0.40219.1
Project("{FAE04EC0-301F-11D3-BF4B-00C04F79EFBC}") = "Практика", "Практика\Практика.csproj", "{CA404E67-F482-4120-825D-C860073019DF}"
EndProject
Project("{FAE04EC0-301F-11D3-BF4B-00C04F79EFBC}") = "Задание", "Задание\Задание.csproj", "{0168B5CF-69D2-4B8F-8AF0-3927B85CEEF2}"
EndProject
Global
	GlobalSection(SolutionConfigurationPlatforms) = preSolution
		Debug|Any CPU = Debug|Any CPU
		Release|Any CPU = Release|Any CPU
	EndGlobalSection
	GlobalSection(ProjectConfigurationPlatforms) = postSolution
		{CA404E67-F482-4120-825D-C860073019DF}.Debug|Any CPU.ActiveCfg = Debug|Any CPU
		{CA404E67-F482-4120-825D-C860073019DF}.Debug|Any CPU.Build.0 = Debug|Any CPU
		{CA404E67-F482-4120-825D-C860073019DF}.Release|Any CPU.ActiveCfg = Release|Any CPU
		{CA404E67-F482-4120-825D-C860073019DF}.Release|Any CPU.Build.0 = Release|Any CPU
		{0168B5CF-69D2-4B8F-8AF0-3927B85CEEF2}.Debug|Any CPU.ActiveCfg = Debug|Any CPU
		{0168B5CF-69D2-4B8F-8AF0-3927B85CEEF2}.Debug|Any CPU.Build.0 = Debug|Any CPU
		{0168B5CF-69D2-4B8F-8AF0-3927B85CEEF2}.Release|Any CPU.ActiveCfg = Release|Any CPU
		{0168B5CF-69D2-4B8F-8AF0-3927B85CEEF2}.Release|Any CPU.Build.0 = Release|Any CPU
	EndGlobalSection
	GlobalSection(SolutionProperties) = preSolution
		HideSolutionNode = FALSE
	EndGlobalSection
	GlobalSection(ExtensibilityGlobals) = postSolution
		SolutionGuid = {EA688E2B-6750-4563-AABA-86545BFE2CE2}
	EndGlobalSection
EndGlobal
